
Microsoft Visual Studio Solution File, Format Version 12.00
# Visual Studio Version 16
VisualStudioVersion = 16.0.34407.143
MinimumVisualStudioVersion = 10.0.40219.1
Project("{FAE04EC0-301F-11D3-BF4B-00C04F79EFBC}") = "ConsoleApp15", "ConsoleApp15\ConsoleApp15.csproj", "{64F061DB-4787-4151-9DCE-70729A31F400}"
EndProject
Global
	GlobalSection(SolutionConfigurationPlatforms) = preSolution
		Debug|Any CPU = Debug|Any CPU
		Release|Any CPU = Release|Any CPU
	EndGlobalSection
	GlobalSection(ProjectConfigurationPlatforms) = postSolution
		{64F061DB-4787-4151-9DCE-70729A31F400}.Debug|Any CPU.ActiveCfg = Debug|Any CPU
		{64F061DB-4787-4151-9DCE-70729A31F400}.Debug|Any CPU.Build.0 = Debug|Any CPU
		{64F061DB-4787-4151-9DCE-70729A31F400}.Release|Any CPU.ActiveCfg = Release|Any CPU
		{64F061DB-4787-4151-9DCE-70729A31F400}.Release|Any CPU.Build.0 = Release|Any CPU
	EndGlobalSection
	GlobalSection(SolutionProperties) = preSolution
		HideSolutionNode = FALSE
	EndGlobalSection
	GlobalSection(ExtensibilityGlobals) = postSolution
		SolutionGuid = {02D083BA-36D0-41E7-AA42-17840CE0CECF}
	EndGlobalSection
EndGlobal
